<?xml version="1.0" encoding="utf-8"?>
<Project ToolsVersion="4.0" xmlns="http://schemas.microsoft.com/developer/msbuild/2003">
  <ItemGroup>
    <Filter Include="Source Files">
      <UniqueIdentifier>{f03f5101-58b5-4a2c-a0f5-46667a95b183}</UniqueIdentifier>
      <Extensions>cpp;c;cxx;rc;def;r;odl;idl;hpj;bat</Extensions>
    </Filter>
    <Filter Include="Header Files">
      <UniqueIdentifier>{bbe83831-f1d1-4e57-9e44-f022d78e9e81}</UniqueIdentifier>
      <Extensions>h;hpp;hxx;hm;inl</Extensions>
    </Filter>
    <Filter Include="Resource Files">
      <UniqueIdentifier>{a4b73a08-eb28-4a70-9cf3-cf9a4ccc3657}</UniqueIdentifier>
      <Extensions>ico;cur;bmp;dlg;rc2;rct;bin;rgs;gif;jpg;jpeg;jpe</Extensions>
    </Filter>
  </ItemGroup>
  <ItemGroup>
    <ClCompile Include="source\aritc.cpp">
      <Filter>Source Files</Filter>
    </ClCompile>
    <ClCompile Include="source\complex.cpp">
      <Filter>Source Files</Filter>
    </ClCompile>
    <ClCompile Include="source\lang.cpp">
      <Filter>Source Files</Filter>
    </ClCompile>
    <ClCompile Include="source\list2.cpp">
      <Filter>Source Files</Filter>
    </ClCompile>
    <ClCompile Include="source\matrix.cpp">
      <Filter>Source Files</Filter>
    </ClCompile>
    <ClCompile Include="source\parser.cpp">
      <Filter>Source Files</Filter>
    </ClCompile>
    <ClCompile Include="source\preccalc.cpp">
      <Filter>Source Files</Filter>
    </ClCompile>
  </ItemGroup>
  <ItemGroup>
    <ResourceCompile Include="source\preccalc.rc">
      <Filter>Source Files</Filter>
    </ResourceCompile>
  </ItemGroup>
  <ItemGroup>
    <ClInclude Include="source\arit.h">
      <Filter>Header Files</Filter>
    </ClInclude>
    <ClInclude Include="source\darray.h">
      <Filter>Header Files</Filter>
    </ClInclude>
    <ClInclude Include="source\hdr.h">
      <Filter>Header Files</Filter>
    </ClInclude>
    <ClInclude Include="source\lang.h">
      <Filter>Header Files</Filter>
    </ClInclude>
    <ClInclude Include="source\list2.h">
      <Filter>Header Files</Filter>
    </ClInclude>
    <ClInclude Include="source\matrix.h">
      <Filter>Header Files</Filter>
    </ClInclude>
    <ClInclude Include="source\preccalc.h">
      <Filter>Header Files</Filter>
    </ClInclude>
    <ClInclude Include="source\complex.h">
      <Filter>Header Files</Filter>
    </ClInclude>
    <ClInclude Include="source\resource.h">
      <Filter>Header Files</Filter>
    </ClInclude>
  </ItemGroup>
  <ItemGroup>
    <None Include="source\preccalc.ico">
      <Filter>Resource Files</Filter>
    </None>
  </ItemGroup>
  <ItemGroup>
    <CustomBuild Include="source\aritm64.asm">
      <Filter>Source Files</Filter>
    </CustomBuild>
    <CustomBuild Include="source\aritm-masm.asm">
      <Filter>Source Files</Filter>
    </CustomBuild>
  </ItemGroup>
</Project>